// !$*UTF8*$!
{
	archiveVersion = 1;
	classes = {
	};
	objectVersion = 55;
	objects = {

/* Begin PBXBuildFile section */
		BE0EC3E727278E9F0052308D /* AppDelegate.swift in Sources */ = {isa = PBXBuildFile; fileRef = BE0EC3E627278E9F0052308D /* AppDelegate.swift */; };
		BE0EC3ED27278E9F0052308D /* GameScene.swift in Sources */ = {isa = PBXBuildFile; fileRef = BE0EC3EC27278E9F0052308D /* GameScene.swift */; };
		BE0EC3EF27278E9F0052308D /* GameViewController.swift in Sources */ = {isa = PBXBuildFile; fileRef = BE0EC3EE27278E9F0052308D /* GameViewController.swift */; };
		BE0EC3F227278E9F0052308D /* Main.storyboard in Resources */ = {isa = PBXBuildFile; fileRef = BE0EC3F027278E9F0052308D /* Main.storyboard */; };
		BE0EC3F427278EA10052308D /* Assets.xcassets in Resources */ = {isa = PBXBuildFile; fileRef = BE0EC3F327278EA10052308D /* Assets.xcassets */; };
		BE0EC3F727278EA10052308D /* LaunchScreen.storyboard in Resources */ = {isa = PBXBuildFile; fileRef = BE0EC3F527278EA10052308D /* LaunchScreen.storyboard */; };
		BE0EC3FE272790230052308D /* Ball.swift in Sources */ = {isa = PBXBuildFile; fileRef = BE0EC3FD272790230052308D /* Ball.swift */; };
		BE20C87827557B2E00078B80 /* levels.json in Resources */ = {isa = PBXBuildFile; fileRef = BE20C87727557B2E00078B80 /* levels.json */; };
		BE20C87A27557D8F00078B80 /* LevelData.swift in Sources */ = {isa = PBXBuildFile; fileRef = BE20C87927557D8F00078B80 /* LevelData.swift */; };
		BE20C8872755C12B00078B80 /* e1.mp3 in Resources */ = {isa = PBXBuildFile; fileRef = BE20C8802755C12B00078B80 /* e1.mp3 */; };
		BE20C8882755C12B00078B80 /* g1.mp3 in Resources */ = {isa = PBXBuildFile; fileRef = BE20C8812755C12B00078B80 /* g1.mp3 */; };
		BE20C8892755C12B00078B80 /* b1.mp3 in Resources */ = {isa = PBXBuildFile; fileRef = BE20C8822755C12B00078B80 /* b1.mp3 */; };
		BE20C88A2755C12B00078B80 /* d1.mp3 in Resources */ = {isa = PBXBuildFile; fileRef = BE20C8832755C12B00078B80 /* d1.mp3 */; };
		BE20C88B2755C12B00078B80 /* a1.mp3 in Resources */ = {isa = PBXBuildFile; fileRef = BE20C8842755C12B00078B80 /* a1.mp3 */; };
		BE20C88C2755C12B00078B80 /* c1.mp3 in Resources */ = {isa = PBXBuildFile; fileRef = BE20C8852755C12B00078B80 /* c1.mp3 */; };
		BE20C88D2755C12B00078B80 /* f1.mp3 in Resources */ = {isa = PBXBuildFile; fileRef = BE20C8862755C12B00078B80 /* f1.mp3 */; };
		BE20C88F2755C14400078B80 /* Sounds.swift in Sources */ = {isa = PBXBuildFile; fileRef = BE20C88E2755C14400078B80 /* Sounds.swift */; };
/* End PBXBuildFile section */

/* Begin PBXFileReference section */
		BE0EC3E327278E9F0052308D /* this is circle tap.app */ = {isa = PBXFileReference; explicitFileType = wrapper.application; includeInIndex = 0; path = "this is circle tap.app"; sourceTree = BUILT_PRODUCTS_DIR; };
		BE0EC3E627278E9F0052308D /* AppDelegate.swift */ = {isa = PBXFileReference; lastKnownFileType = sourcecode.swift; path = AppDelegate.swift; sourceTree = "<group>"; };
		BE0EC3EC27278E9F0052308D /* GameScene.swift */ = {isa = PBXFileReference; lastKnownFileType = sourcecode.swift; path = GameScene.swift; sourceTree = "<group>"; };
		BE0EC3EE27278E9F0052308D /* GameViewController.swift */ = {isa = PBXFileReference; lastKnownFileType = sourcecode.swift; path = GameViewController.swift; sourceTree = "<group>"; };
		BE0EC3F127278E9F0052308D /* Base */ = {isa = PBXFileReference; lastKnownFileType = file.storyboard; name = Base; path = Base.lproj/Main.storyboard; sourceTree = "<group>"; };
		BE0EC3F327278EA10052308D /* Assets.xcassets */ = {isa = PBXFileReference; lastKnownFileType = folder.assetcatalog; path = Assets.xcassets; sourceTree = "<group>"; };
		BE0EC3F627278EA10052308D /* Base */ = {isa = PBXFileReference; lastKnownFileType = file.storyboard; name = Base; path = Base.lproj/LaunchScreen.storyboard; sourceTree = "<group>"; };
		BE0EC3FD272790230052308D /* Ball.swift */ = {isa = PBXFileReference; lastKnownFileType = sourcecode.swift; path = Ball.swift; sourceTree = "<group>"; };
		BE20C87727557B2E00078B80 /* levels.json */ = {isa = PBXFileReference; lastKnownFileType = text.json; path = levels.json; sourceTree = "<group>"; };
		BE20C87927557D8F00078B80 /* LevelData.swift */ = {isa = PBXFileReference; lastKnownFileType = sourcecode.swift; path = LevelData.swift; sourceTree = "<group>"; };
		BE20C8802755C12B00078B80 /* e1.mp3 */ = {isa = PBXFileReference; lastKnownFileType = audio.mp3; path = e1.mp3; sourceTree = "<group>"; };
		BE20C8812755C12B00078B80 /* g1.mp3 */ = {isa = PBXFileReference; lastKnownFileType = audio.mp3; path = g1.mp3; sourceTree = "<group>"; };
		BE20C8822755C12B00078B80 /* b1.mp3 */ = {isa = PBXFileReference; lastKnownFileType = audio.mp3; path = b1.mp3; sourceTree = "<group>"; };
		BE20C8832755C12B00078B80 /* d1.mp3 */ = {isa = PBXFileReference; lastKnownFileType = audio.mp3; path = d1.mp3; sourceTree = "<group>"; };
		BE20C8842755C12B00078B80 /* a1.mp3 */ = {isa = PBXFileReference; lastKnownFileType = audio.mp3; path = a1.mp3; sourceTree = "<group>"; };
		BE20C8852755C12B00078B80 /* c1.mp3 */ = {isa = PBXFileReference; lastKnownFileType = audio.mp3; path = c1.mp3; sourceTree = "<group>"; };
		BE20C8862755C12B00078B80 /* f1.mp3 */ = {isa = PBXFileReference; lastKnownFileType = audio.mp3; path = f1.mp3; sourceTree = "<group>"; };
		BE20C88E2755C14400078B80 /* Sounds.swift */ = {isa = PBXFileReference; lastKnownFileType = sourcecode.swift; path = Sounds.swift; sourceTree = "<group>"; };
/* End PBXFileReference section */

/* Begin PBXFrameworksBuildPhase section */
		BE0EC3E027278E9F0052308D /* Frameworks */ = {
			isa = PBXFrameworksBuildPhase;
			buildActionMask = 2147483647;
			files = (
			);
			runOnlyForDeploymentPostprocessing = 0;
		};
/* End PBXFrameworksBuildPhase section */

/* Begin PBXGroup section */
		BE0EC3DA27278E9F0052308D = {
			isa = PBXGroup;
			children = (
				BE0EC3E527278E9F0052308D /* this is circle tap */,
				BE0EC3E427278E9F0052308D /* Products */,
			);
			sourceTree = "<group>";
		};
		BE0EC3E427278E9F0052308D /* Products */ = {
			isa = PBXGroup;
			children = (
				BE0EC3E327278E9F0052308D /* this is circle tap.app */,
			);
			name = Products;
			sourceTree = "<group>";
		};
		BE0EC3E527278E9F0052308D /* this is circle tap */ = {
			isa = PBXGroup;
			children = (
				BE20C87727557B2E00078B80 /* levels.json */,
				BE20C87927557D8F00078B80 /* LevelData.swift */,
				BE20C88E2755C14400078B80 /* Sounds.swift */,
				BE0EC3FD272790230052308D /* Ball.swift */,
				BE0EC3E627278E9F0052308D /* AppDelegate.swift */,
				BE0EC3EC27278E9F0052308D /* GameScene.swift */,
				BE0EC3EE27278E9F0052308D /* GameViewController.swift */,
				BE0EC3F027278E9F0052308D /* Main.storyboard */,
				BE0EC3F327278EA10052308D /* Assets.xcassets */,
				BE0EC3F527278EA10052308D /* LaunchScreen.storyboard */,
				BE20C87F2755BF7B00078B80 /* sounds */,
			);
			path = "this is circle tap";
			sourceTree = "<group>";
		};
		BE20C87F2755BF7B00078B80 /* sounds */ = {
			isa = PBXGroup;
			children = (
				BE20C8842755C12B00078B80 /* a1.mp3 */,
				BE20C8822755C12B00078B80 /* b1.mp3 */,
				BE20C8852755C12B00078B80 /* c1.mp3 */,
				BE20C8832755C12B00078B80 /* d1.mp3 */,
				BE20C8802755C12B00078B80 /* e1.mp3 */,
				BE20C8862755C12B00078B80 /* f1.mp3 */,
				BE20C8812755C12B00078B80 /* g1.mp3 */,
			);
			path = sounds;
			sourceTree = "<group>";
		};
/* End PBXGroup section */

/* Begin PBXNativeTarget section */
		BE0EC3E227278E9F0052308D /* this is circle tap */ = {
			isa = PBXNativeTarget;
			buildConfigurationList = BE0EC3FA27278EA10052308D /* Build configuration list for PBXNativeTarget "this is circle tap" */;
			buildPhases = (
				BE0EC3DF27278E9F0052308D /* Sources */,
				BE0EC3E027278E9F0052308D /* Frameworks */,
				BE0EC3E127278E9F0052308D /* Resources */,
			);
			buildRules = (
			);
			dependencies = (
			);
			name = "this is circle tap";
			productName = "this is circle tap";
			productReference = BE0EC3E327278E9F0052308D /* this is circle tap.app */;
			productType = "com.apple.product-type.application";
		};
/* End PBXNativeTarget section */

/* Begin PBXProject section */
		BE0EC3DB27278E9F0052308D /* Project object */ = {
			isa = PBXProject;
			attributes = {
				BuildIndependentTargetsInParallel = 1;
				LastSwiftUpdateCheck = 1300;
				LastUpgradeCheck = 1300;
				TargetAttributes = {
					BE0EC3E227278E9F0052308D = {
						CreatedOnToolsVersion = 13.0;
					};
				};
			};
			buildConfigurationList = BE0EC3DE27278E9F0052308D /* Build configuration list for PBXProject "this is circle tap" */;
			compatibilityVersion = "Xcode 13.0";
			developmentRegion = en;
			hasScannedForEncodings = 0;
			knownRegions = (
				en,
				Base,
			);
			mainGroup = BE0EC3DA27278E9F0052308D;
			productRefGroup = BE0EC3E427278E9F0052308D /* Products */;
			projectDirPath = "";
			projectRoot = "";
			targets = (
				BE0EC3E227278E9F0052308D /* this is circle tap */,
			);
		};
/* End PBXProject section */

/* Begin PBXResourcesBuildPhase section */
		BE0EC3E127278E9F0052308D /* Resources */ = {
			isa = PBXResourcesBuildPhase;
			buildActionMask = 2147483647;
			files = (
				BE20C88B2755C12B00078B80 /* a1.mp3 in Resources */,
				BE0EC3F227278E9F0052308D /* Main.storyboard in Resources */,
				BE20C88A2755C12B00078B80 /* d1.mp3 in Resources */,
				BE20C88D2755C12B00078B80 /* f1.mp3 in Resources */,
				BE0EC3F427278EA10052308D /* Assets.xcassets in Resources */,
				BE20C8872755C12B00078B80 /* e1.mp3 in Resources */,
				BE20C87827557B2E00078B80 /* levels.json in Resources */,
				BE20C8882755C12B00078B80 /* g1.mp3 in Resources */,
				BE0EC3F727278EA10052308D /* LaunchScreen.storyboard in Resources */,
				BE20C88C2755C12B00078B80 /* c1.mp3 in Resources */,
				BE20C8892755C12B00078B80 /* b1.mp3 in Resources */,
			);
			runOnlyForDeploymentPostprocessing = 0;
		};
/* End PBXResourcesBuildPhase section */

/* Begin PBXSourcesBuildPhase section */
		BE0EC3DF27278E9F0052308D /* Sources */ = {
			isa = PBXSourcesBuildPhase;
			buildActionMask = 2147483647;
			files = (
				BE0EC3FE272790230052308D /* Ball.swift in Sources */,
				BE0EC3ED27278E9F0052308D /* GameScene.swift in Sources */,
				BE20C87A27557D8F00078B80 /* LevelData.swift in Sources */,
				BE20C88F2755C14400078B80 /* Sounds.swift in Sources */,
				BE0EC3EF27278E9F0052308D /* GameViewController.swift in Sources */,
				BE0EC3E727278E9F0052308D /* AppDelegate.swift in Sources */,
			);
			runOnlyForDeploymentPostprocessing = 0;
		};
/* End PBXSourcesBuildPhase section */

/* Begin PBXVariantGroup section */
		BE0EC3F027278E9F0052308D /* Main.storyboard */ = {
			isa = PBXVariantGroup;
			children = (
				BE0EC3F127278E9F0052308D /* Base */,
			);
			name = Main.storyboard;
			sourceTree = "<group>";
		};
		BE0EC3F527278EA10052308D /* LaunchScreen.storyboard */ = {
			isa = PBXVariantGroup;
			children = (
				BE0EC3F627278EA10052308D /* Base */,
			);
			name = LaunchScreen.storyboard;
			sourceTree = "<group>";
		};
/* End PBXVariantGroup section */

/* Begin XCBuildConfiguration section */
		BE0EC3F827278EA10052308D /* Debug */ = {
			isa = XCBuildConfiguration;
			buildSettings = {
				ALWAYS_SEARCH_USER_PATHS = NO;
				CLANG_ANALYZER_NONNULL = YES;
				CLANG_ANALYZER_NUMBER_OBJECT_CONVERSION = YES_AGGRESSIVE;
				CLANG_CXX_LANGUAGE_STANDARD = "gnu++17";
				CLANG_CXX_LIBRARY = "libc++";
				CLANG_ENABLE_MODULES = YES;
				CLANG_ENABLE_OBJC_ARC = YES;
				CLANG_ENABLE_OBJC_WEAK = YES;
				CLANG_WARN_BLOCK_CAPTURE_AUTORELEASING = YES;
				CLANG_WARN_BOOL_CONVERSION = YES;
				CLANG_WARN_COMMA = YES;
				CLANG_WARN_CONSTANT_CONVERSION = YES;
				CLANG_WARN_DEPRECATED_OBJC_IMPLEMENTATIONS = YES;
				CLANG_WARN_DIRECT_OBJC_ISA_USAGE = YES_ERROR;
				CLANG_WARN_DOCUMENTATION_COMMENTS = YES;
				CLANG_WARN_EMPTY_BODY = YES;
				CLANG_WARN_ENUM_CONVERSION = YES;
				CLANG_WARN_INFINITE_RECURSION = YES;
				CLANG_WARN_INT_CONVERSION = YES;
				CLANG_WARN_NON_LITERAL_NULL_CONVERSION = YES;
				CLANG_WARN_OBJC_IMPLICIT_RETAIN_SELF = YES;
				CLANG_WARN_OBJC_LITERAL_CONVERSION = YES;
				CLANG_WARN_OBJC_ROOT_CLASS = YES_ERROR;
				CLANG_WARN_QUOTED_INCLUDE_IN_FRAMEWORK_HEADER = YES;
				CLANG_WARN_RANGE_LOOP_ANALYSIS = YES;
				CLANG_WARN_STRICT_PROTOTYPES = YES;
				CLANG_WARN_SUSPICIOUS_MOVE = YES;
				CLANG_WARN_UNGUARDED_AVAILABILITY = YES_AGGRESSIVE;
				CLANG_WARN_UNREACHABLE_CODE = YES;
				CLANG_WARN__DUPLICATE_METHOD_MATCH = YES;
				COPY_PHASE_STRIP = NO;
				DEBUG_INFORMATION_FORMAT = dwarf;
				ENABLE_STRICT_OBJC_MSGSEND = YES;
				ENABLE_TESTABILITY = YES;
				GCC_C_LANGUAGE_STANDARD = gnu11;
				GCC_DYNAMIC_NO_PIC = NO;
				GCC_NO_COMMON_BLOCKS = YES;
				GCC_OPTIMIZATION_LEVEL = 0;
				GCC_PREPROCESSOR_DEFINITIONS = (
					"DEBUG=1",
					"$(inherited)",
				);
				GCC_WARN_64_TO_32_BIT_CONVERSION = YES;
				GCC_WARN_ABOUT_RETURN_TYPE = YES_ERROR;
				GCC_WARN_UNDECLARED_SELECTOR = YES;
				GCC_WARN_UNINITIALIZED_AUTOS = YES_AGGRESSIVE;
				GCC_WARN_UNUSED_FUNCTION = YES;
				GCC_WARN_UNUSED_VARIABLE = YES;
				IPHONEOS_DEPLOYMENT_TARGET = 15.0;
				MTL_ENABLE_DEBUG_INFO = INCLUDE_SOURCE;
				MTL_FAST_MATH = YES;
				ONLY_ACTIVE_ARCH = YES;
				SDKROOT = iphoneos;
				SWIFT_ACTIVE_COMPILATION_CONDITIONS = DEBUG;
				SWIFT_OPTIMIZATION_LEVEL = "-Onone";
			};
			name = Debug;
		};
		BE0EC3F927278EA10052308D /* Release */ = {
			isa = XCBuildConfiguration;
			buildSettings = {
				ALWAYS_SEARCH_USER_PATHS = NO;
				CLANG_ANALYZER_NONNULL = YES;
				CLANG_ANALYZER_NUMBER_OBJECT_CONVERSION = YES_AGGRESSIVE;
				CLANG_CXX_LANGUAGE_STANDARD = "gnu++17";
				CLANG_CXX_LIBRARY = "libc++";
				CLANG_ENABLE_MODULES = YES;
				CLANG_ENABLE_OBJC_ARC = YES;
				CLANG_ENABLE_OBJC_WEAK = YES;
				CLANG_WARN_BLOCK_CAPTURE_AUTORELEASING = YES;
				CLANG_WARN_BOOL_CONVERSION = YES;
				CLANG_WARN_COMMA = YES;
				CLANG_WARN_CONSTANT_CONVERSION = YES;
				CLANG_WARN_DEPRECATED_OBJC_IMPLEMENTATIONS = YES;
				CLANG_WARN_DIRECT_OBJC_ISA_USAGE = YES_ERROR;
				CLANG_WARN_DOCUMENTATION_COMMENTS = YES;
				CLANG_WARN_EMPTY_BODY = YES;
				CLANG_WARN_ENUM_CONVERSION = YES;
				CLANG_WARN_INFINITE_RECURSION = YES;
				CLANG_WARN_INT_CONVERSION = YES;
				CLANG_WARN_NON_LITERAL_NULL_CONVERSION = YES;
				CLANG_WARN_OBJC_IMPLICIT_RETAIN_SELF = YES;
				CLANG_WARN_OBJC_LITERAL_CONVERSION = YES;
				CLANG_WARN_OBJC_ROOT_CLASS = YES_ERROR;
				CLANG_WARN_QUOTED_INCLUDE_IN_FRAMEWORK_HEADER = YES;
				CLANG_WARN_RANGE_LOOP_ANALYSIS = YES;
				CLANG_WARN_STRICT_PROTOTYPES = YES;
				CLANG_WARN_SUSPICIOUS_MOVE = YES;
				CLANG_WARN_UNGUARDED_AVAILABILITY = YES_AGGRESSIVE;
				CLANG_WARN_UNREACHABLE_CODE = YES;
				CLANG_WARN__DUPLICATE_METHOD_MATCH = YES;
				COPY_PHASE_STRIP = NO;
				DEBUG_INFORMATION_FORMAT = "dwarf-with-dsym";
				ENABLE_NS_ASSERTIONS = NO;
				ENABLE_STRICT_OBJC_MSGSEND = YES;
				GCC_C_LANGUAGE_STANDARD = gnu11;
				GCC_NO_COMMON_BLOCKS = YES;
				GCC_WARN_64_TO_32_BIT_CONVERSION = YES;
				GCC_WARN_ABOUT_RETURN_TYPE = YES_ERROR;
				GCC_WARN_UNDECLARED_SELECTOR = YES;
				GCC_WARN_UNINITIALIZED_AUTOS = YES_AGGRESSIVE;
				GCC_WARN_UNUSED_FUNCTION = YES;
				GCC_WARN_UNUSED_VARIABLE = YES;
				IPHONEOS_DEPLOYMENT_TARGET = 15.0;
				MTL_ENABLE_DEBUG_INFO = NO;
				MTL_FAST_MATH = YES;
				SDKROOT = iphoneos;
				SWIFT_COMPILATION_MODE = wholemodule;
				SWIFT_OPTIMIZATION_LEVEL = "-O";
				VALIDATE_PRODUCT = YES;
			};
			name = Release;
		};
		BE0EC3FB27278EA10052308D /* Debug */ = {
			isa = XCBuildConfiguration;
			buildSettings = {
				ASSETCATALOG_COMPILER_APPICON_NAME = AppIcon;
				ASSETCATALOG_COMPILER_GLOBAL_ACCENT_COLOR_NAME = AccentColor;
				CODE_SIGN_STYLE = Automatic;
				CURRENT_PROJECT_VERSION = 1;
				DEVELOPMENT_TEAM = 7M53NGQ966;
				GENERATE_INFOPLIST_FILE = YES;
				INFOPLIST_KEY_UIApplicationSupportsIndirectInputEvents = YES;
				INFOPLIST_KEY_UILaunchStoryboardName = LaunchScreen;
				INFOPLIST_KEY_UIMainStoryboardFile = Main;
				INFOPLIST_KEY_UIStatusBarHidden = YES;
				INFOPLIST_KEY_UISupportedInterfaceOrientations_iPad = "UIInterfaceOrientationPortrait UIInterfaceOrientationPortraitUpsideDown UIInterfaceOrientationLandscapeLeft UIInterfaceOrientationLandscapeRight";
				INFOPLIST_KEY_UISupportedInterfaceOrientations_iPhone = "UIInterfaceOrientationPortrait UIInterfaceOrientationLandscapeLeft UIInterfaceOrientationLandscapeRight";
				LD_RUNPATH_SEARCH_PATHS = (
					"$(inherited)",
					"@executable_path/Frameworks",
				);
				MARKETING_VERSION = 1.0;
				PRODUCT_BUNDLE_IDENTIFIER = "will-hodges.this-is-circle-tap";
				PRODUCT_NAME = "$(TARGET_NAME)";
				SWIFT_EMIT_LOC_STRINGS = YES;
				SWIFT_VERSION = 5.0;
				TARGETED_DEVICE_FAMILY = "1,2";
			};
			name = Debug;
		};
		BE0EC3FC27278EA10052308D /* Release */ = {
			isa = XCBuildConfiguration;
			buildSettings = {
				ASSETCATALOG_COMPILER_APPICON_NAME = AppIcon;
				ASSETCATALOG_COMPILER_GLOBAL_ACCENT_COLOR_NAME = AccentColor;
				CODE_SIGN_STYLE = Automatic;
				CURRENT_PROJECT_VERSION = 1;
				DEVELOPMENT_TEAM = 7M53NGQ966;
				GENERATE_INFOPLIST_FILE = YES;
				INFOPLIST_KEY_UIApplicationSupportsIndirectInputEvents = YES;
				INFOPLIST_KEY_UILaunchStoryboardName = LaunchScreen;
				INFOPLIST_KEY_UIMainStoryboardFile = Main;
				INFOPLIST_KEY_UIStatusBarHidden = YES;
				INFOPLIST_KEY_UISupportedInterfaceOrientations_iPad = "UIInterfaceOrientationPortrait UIInterfaceOrientationPortraitUpsideDown UIInterfaceOrientationLandscapeLeft UIInterfaceOrientationLandscapeRight";
				INFOPLIST_KEY_UISupportedInterfaceOrientations_iPhone = "UIInterfaceOrientationPortrait UIInterfaceOrientationLandscapeLeft UIInterfaceOrientationLandscapeRight";
				LD_RUNPATH_SEARCH_PATHS = (
					"$(inherited)",
					"@executable_path/Frameworks",
				);
				MARKETING_VERSION = 1.0;
				PRODUCT_BUNDLE_IDENTIFIER = "will-hodges.this-is-circle-tap";
				PRODUCT_NAME = "$(TARGET_NAME)";
				SWIFT_EMIT_LOC_STRINGS = YES;
				SWIFT_VERSION = 5.0;
				TARGETED_DEVICE_FAMILY = "1,2";
			};
			name = Release;
		};
/* End XCBuildConfiguration section */

/* Begin XCConfigurationList section */
		BE0EC3DE27278E9F0052308D /* Build configuration list for PBXProject "this is circle tap" */ = {
			isa = XCConfigurationList;
			buildConfigurations = (
				BE0EC3F827278EA10052308D /* Debug */,
				BE0EC3F927278EA10052308D /* Release */,
			);
			defaultConfigurationIsVisible = 0;
			defaultConfigurationName = Release;
		};
		BE0EC3FA27278EA10052308D /* Build configuration list for PBXNativeTarget "this is circle tap" */ = {
			isa = XCConfigurationList;
			buildConfigurations = (
				BE0EC3FB27278EA10052308D /* Debug */,
				BE0EC3FC27278EA10052308D /* Release */,
			);
			defaultConfigurationIsVisible = 0;
			defaultConfigurationName = Release;
		};
/* End XCConfigurationList section */
	};
	rootObject = BE0EC3DB27278E9F0052308D /* Project object */;
}
